// !$*UTF8*$!
{
	archiveVersion = 1;
	classes = {
	};
	objectVersion = 46;
	objects = {

/* Begin PBXBuildFile section */
		96A09DA72043B2F900CD39C2 /* MainVC.m in Sources */ = {isa = PBXBuildFile; fileRef = 96A09DA32043B2F900CD39C2 /* MainVC.m */; };
		96A09DA82043B2F900CD39C2 /* BWButton.m in Sources */ = {isa = PBXBuildFile; fileRef = 96A09DA62043B2F900CD39C2 /* BWButton.m */; };
		96FAC6B91F14ACDB003401C1 /* main.m in Sources */ = {isa = PBXBuildFile; fileRef = 96FAC6B81F14ACDB003401C1 /* main.m */; };
		96FAC6BC1F14ACDB003401C1 /* AppDelegate.m in Sources */ = {isa = PBXBuildFile; fileRef = 96FAC6BB1F14ACDB003401C1 /* AppDelegate.m */; };
		96FAC6C41F14ACDB003401C1 /* Assets.xcassets in Resources */ = {isa = PBXBuildFile; fileRef = 96FAC6C31F14ACDB003401C1 /* Assets.xcassets */; };
		96FAC6C71F14ACDB003401C1 /* LaunchScreen.storyboard in Resources */ = {isa = PBXBuildFile; fileRef = 96FAC6C51F14ACDB003401C1 /* LaunchScreen.storyboard */; };
		96FAC6CF1F14AD11003401C1 /* Main.storyboard in Resources */ = {isa = PBXBuildFile; fileRef = 96FAC6CE1F14AD11003401C1 /* Main.storyboard */; };
/* End PBXBuildFile section */

/* Begin PBXFileReference section */
		96A09D9E2043B0F100CD39C2 /* PrefixHeader.pch */ = {isa = PBXFileReference; lastKnownFileType = sourcecode.c.h; path = PrefixHeader.pch; sourceTree = "<group>"; };
		96A09DA22043B2F900CD39C2 /* MainVC.h */ = {isa = PBXFileReference; fileEncoding = 4; lastKnownFileType = sourcecode.c.h; path = MainVC.h; sourceTree = "<group>"; };
		96A09DA32043B2F900CD39C2 /* MainVC.m */ = {isa = PBXFileReference; fileEncoding = 4; lastKnownFileType = sourcecode.c.objc; path = MainVC.m; sourceTree = "<group>"; };
		96A09DA52043B2F900CD39C2 /* BWButton.h */ = {isa = PBXFileReference; fileEncoding = 4; lastKnownFileType = sourcecode.c.h; path = BWButton.h; sourceTree = "<group>"; };
		96A09DA62043B2F900CD39C2 /* BWButton.m */ = {isa = PBXFileReference; fileEncoding = 4; lastKnownFileType = sourcecode.c.objc; path = BWButton.m; sourceTree = "<group>"; };
		96FAC6B41F14ACDB003401C1 /* BW.app */ = {isa = PBXFileReference; explicitFileType = wrapper.application; includeInIndex = 0; path = BW.app; sourceTree = BUILT_PRODUCTS_DIR; };
		96FAC6B81F14ACDB003401C1 /* main.m */ = {isa = PBXFileReference; lastKnownFileType = sourcecode.c.objc; path = main.m; sourceTree = "<group>"; };
		96FAC6BA1F14ACDB003401C1 /* AppDelegate.h */ = {isa = PBXFileReference; lastKnownFileType = sourcecode.c.h; path = AppDelegate.h; sourceTree = "<group>"; };
		96FAC6BB1F14ACDB003401C1 /* AppDelegate.m */ = {isa = PBXFileReference; lastKnownFileType = sourcecode.c.objc; path = AppDelegate.m; sourceTree = "<group>"; };
		96FAC6C31F14ACDB003401C1 /* Assets.xcassets */ = {isa = PBXFileReference; lastKnownFileType = folder.assetcatalog; path = Assets.xcassets; sourceTree = "<group>"; };
		96FAC6C61F14ACDB003401C1 /* Base */ = {isa = PBXFileReference; lastKnownFileType = file.storyboard; name = Base; path = Base.lproj/LaunchScreen.storyboard; sourceTree = "<group>"; };
		96FAC6C81F14ACDB003401C1 /* Info.plist */ = {isa = PBXFileReference; lastKnownFileType = text.plist.xml; path = Info.plist; sourceTree = "<group>"; };
		96FAC6CE1F14AD11003401C1 /* Main.storyboard */ = {isa = PBXFileReference; fileEncoding = 4; lastKnownFileType = file.storyboard; path = Main.storyboard; sourceTree = "<group>"; };
/* End PBXFileReference section */

/* Begin PBXFrameworksBuildPhase section */
		96FAC6B11F14ACDB003401C1 /* Frameworks */ = {
			isa = PBXFrameworksBuildPhase;
			buildActionMask = 2147483647;
			files = (
			);
			runOnlyForDeploymentPostprocessing = 0;
		};
/* End PBXFrameworksBuildPhase section */

/* Begin PBXGroup section */
		96A09D9F2043B26000CD39C2 /* App */ = {
			isa = PBXGroup;
			children = (
				96FAC6BA1F14ACDB003401C1 /* AppDelegate.h */,
				96FAC6BB1F14ACDB003401C1 /* AppDelegate.m */,
				96FAC6C31F14ACDB003401C1 /* Assets.xcassets */,
				96FAC6C81F14ACDB003401C1 /* Info.plist */,
				96FAC6C51F14ACDB003401C1 /* LaunchScreen.storyboard */,
				96FAC6CE1F14AD11003401C1 /* Main.storyboard */,
				96A09D9E2043B0F100CD39C2 /* PrefixHeader.pch */,
			);
			name = App;
			sourceTree = "<group>";
		};
		96A09DA02043B2F900CD39C2 /* Classes */ = {
			isa = PBXGroup;
			children = (
				96A09DA12043B2F900CD39C2 /* Controllers */,
				96A09DA42043B2F900CD39C2 /* Views */,
			);
			path = Classes;
			sourceTree = "<group>";
		};
		96A09DA12043B2F900CD39C2 /* Controllers */ = {
			isa = PBXGroup;
			children = (
				96A09DA22043B2F900CD39C2 /* MainVC.h */,
				96A09DA32043B2F900CD39C2 /* MainVC.m */,
			);
			path = Controllers;
			sourceTree = "<group>";
		};
		96A09DA42043B2F900CD39C2 /* Views */ = {
			isa = PBXGroup;
			children = (
				96A09DA52043B2F900CD39C2 /* BWButton.h */,
				96A09DA62043B2F900CD39C2 /* BWButton.m */,
			);
			path = Views;
			sourceTree = "<group>";
		};
		96FAC6AB1F14ACDB003401C1 = {
			isa = PBXGroup;
			children = (
				96FAC6B61F14ACDB003401C1 /* BW */,
				96FAC6B51F14ACDB003401C1 /* Products */,
			);
			sourceTree = "<group>";
		};
		96FAC6B51F14ACDB003401C1 /* Products */ = {
			isa = PBXGroup;
			children = (
				96FAC6B41F14ACDB003401C1 /* BW.app */,
			);
			name = Products;
			sourceTree = "<group>";
		};
		96FAC6B61F14ACDB003401C1 /* BW */ = {
			isa = PBXGroup;
			children = (
				96A09D9F2043B26000CD39C2 /* App */,
				96A09DA02043B2F900CD39C2 /* Classes */,
				96FAC6B71F14ACDB003401C1 /* Supporting Files */,
			);
			path = BW;
			sourceTree = "<group>";
		};
		96FAC6B71F14ACDB003401C1 /* Supporting Files */ = {
			isa = PBXGroup;
			children = (
				96FAC6B81F14ACDB003401C1 /* main.m */,
			);
			name = "Supporting Files";
			sourceTree = "<group>";
		};
/* End PBXGroup section */

/* Begin PBXNativeTarget section */
		96FAC6B31F14ACDB003401C1 /* BW */ = {
			isa = PBXNativeTarget;
			buildConfigurationList = 96FAC6CB1F14ACDB003401C1 /* Build configuration list for PBXNativeTarget "BW" */;
			buildPhases = (
				96FAC6B01F14ACDB003401C1 /* Sources */,
				96FAC6B11F14ACDB003401C1 /* Frameworks */,
				96FAC6B21F14ACDB003401C1 /* Resources */,
			);
			buildRules = (
			);
			dependencies = (
			);
			name = BW;
			productName = BW;
			productReference = 96FAC6B41F14ACDB003401C1 /* BW.app */;
			productType = "com.apple.product-type.application";
		};
/* End PBXNativeTarget section */

/* Begin PBXProject section */
		96FAC6AC1F14ACDB003401C1 /* Project object */ = {
			isa = PBXProject;
			attributes = {
				LastUpgradeCheck = 0900;
				ORGANIZATIONNAME = Xh.Lao;
				TargetAttributes = {
					96FAC6B31F14ACDB003401C1 = {
						CreatedOnToolsVersion = 8.3.2;
						ProvisioningStyle = Manual;
					};
				};
			};
			buildConfigurationList = 96FAC6AF1F14ACDB003401C1 /* Build configuration list for PBXProject "BW" */;
			compatibilityVersion = "Xcode 3.2";
			developmentRegion = English;
			hasScannedForEncodings = 0;
			knownRegions = (
				en,
				Base,
			);
			mainGroup = 96FAC6AB1F14ACDB003401C1;
			productRefGroup = 96FAC6B51F14ACDB003401C1 /* Products */;
			projectDirPath = "";
			projectRoot = "";
			targets = (
				96FAC6B31F14ACDB003401C1 /* BW */,
			);
		};
/* End PBXProject section */

/* Begin PBXResourcesBuildPhase section */
		96FAC6B21F14ACDB003401C1 /* Resources */ = {
			isa = PBXResourcesBuildPhase;
			buildActionMask = 2147483647;
			files = (
				96FAC6CF1F14AD11003401C1 /* Main.storyboard in Resources */,
				96FAC6C71F14ACDB003401C1 /* LaunchScreen.storyboard in Resources */,
				96FAC6C41F14ACDB003401C1 /* Assets.xcassets in Resources */,
			);
			runOnlyForDeploymentPostprocessing = 0;
		};
/* End PBXResourcesBuildPhase section */

/* Begin PBXSourcesBuildPhase section */
		96FAC6B01F14ACDB003401C1 /* Sources */ = {
			isa = PBXSourcesBuildPhase;
			buildActionMask = 2147483647;
			files = (
				96A09DA72043B2F900CD39C2 /* MainVC.m in Sources */,
				96FAC6BC1F14ACDB003401C1 /* AppDelegate.m in Sources */,
				96A09DA82043B2F900CD39C2 /* BWButton.m in Sources */,
				96FAC6B91F14ACDB003401C1 /* main.m in Sources */,
			);
			runOnlyForDeploymentPostprocessing = 0;
		};
/* End PBXSourcesBuildPhase section */

/* Begin PBXVariantGroup section */
		96FAC6C51F14ACDB003401C1 /* LaunchScreen.storyboard */ = {
			isa = PBXVariantGroup;
			children = (
				96FAC6C61F14ACDB003401C1 /* Base */,
			);
			name = LaunchScreen.storyboard;
			sourceTree = "<group>";
		};
/* End PBXVariantGroup section */

/* Begin XCBuildConfiguration section */
		96FAC6C91F14ACDB003401C1 /* Debug */ = {
			isa = XCBuildConfiguration;
			buildSettings = {
				ALWAYS_SEARCH_USER_PATHS = NO;
				CLANG_ANALYZER_NONNULL = YES;
				CLANG_ANALYZER_NUMBER_OBJECT_CONVERSION = YES_AGGRESSIVE;
				CLANG_CXX_LANGUAGE_STANDARD = "gnu++0x";
				CLANG_CXX_LIBRARY = "libc++";
				CLANG_ENABLE_MODULES = YES;
				CLANG_ENABLE_OBJC_ARC = YES;
				CLANG_WARN_BLOCK_CAPTURE_AUTORELEASING = YES;
				CLANG_WARN_BOOL_CONVERSION = YES;
				CLANG_WARN_COMMA = YES;
				CLANG_WARN_CONSTANT_CONVERSION = YES;
				CLANG_WARN_DIRECT_OBJC_ISA_USAGE = YES_ERROR;
				CLANG_WARN_DOCUMENTATION_COMMENTS = YES;
				CLANG_WARN_EMPTY_BODY = YES;
				CLANG_WARN_ENUM_CONVERSION = YES;
				CLANG_WARN_INFINITE_RECURSION = YES;
				CLANG_WARN_INT_CONVERSION = YES;
				CLANG_WARN_NON_LITERAL_NULL_CONVERSION = YES;
				CLANG_WARN_OBJC_LITERAL_CONVERSION = YES;
				CLANG_WARN_OBJC_ROOT_CLASS = YES_ERROR;
				CLANG_WARN_RANGE_LOOP_ANALYSIS = YES;
				CLANG_WARN_STRICT_PROTOTYPES = YES;
				CLANG_WARN_SUSPICIOUS_MOVE = YES;
				CLANG_WARN_UNREACHABLE_CODE = YES;
				CLANG_WARN__DUPLICATE_METHOD_MATCH = YES;
				"CODE_SIGN_IDENTITY[sdk=iphoneos*]" = "iPhone Developer";
				COPY_PHASE_STRIP = NO;
				DEBUG_INFORMATION_FORMAT = dwarf;
				ENABLE_STRICT_OBJC_MSGSEND = YES;
				ENABLE_TESTABILITY = YES;
				GCC_C_LANGUAGE_STANDARD = gnu99;
				GCC_DYNAMIC_NO_PIC = NO;
				GCC_NO_COMMON_BLOCKS = YES;
				GCC_OPTIMIZATION_LEVEL = 0;
				GCC_PREPROCESSOR_DEFINITIONS = (
					"DEBUG=1",
					"$(inherited)",
				);
				GCC_WARN_64_TO_32_BIT_CONVERSION = YES;
				GCC_WARN_ABOUT_RETURN_TYPE = YES_ERROR;
				GCC_WARN_UNDECLARED_SELECTOR = YES;
				GCC_WARN_UNINITIALIZED_AUTOS = YES_AGGRESSIVE;
				GCC_WARN_UNUSED_FUNCTION = YES;
				GCC_WARN_UNUSED_VARIABLE = YES;
				IPHONEOS_DEPLOYMENT_TARGET = 10.3;
				MTL_ENABLE_DEBUG_INFO = YES;
				ONLY_ACTIVE_ARCH = YES;
				SDKROOT = iphoneos;
			};
			name = Debug;
		};
		96FAC6CA1F14ACDB003401C1 /* Release */ = {
			isa = XCBuildConfiguration;
			buildSettings = {
				ALWAYS_SEARCH_USER_PATHS = NO;
				CLANG_ANALYZER_NONNULL = YES;
				CLANG_ANALYZER_NUMBER_OBJECT_CONVERSION = YES_AGGRESSIVE;
				CLANG_CXX_LANGUAGE_STANDARD = "gnu++0x";
				CLANG_CXX_LIBRARY = "libc++";
				CLANG_ENABLE_MODULES = YES;
				CLANG_ENABLE_OBJC_ARC = YES;
				CLANG_WARN_BLOCK_CAPTURE_AUTORELEASING = YES;
				CLANG_WARN_BOOL_CONVERSION = YES;
				CLANG_WARN_COMMA = YES;
				CLANG_WARN_CONSTANT_CONVERSION = YES;
				CLANG_WARN_DIRECT_OBJC_ISA_USAGE = YES_ERROR;
				CLANG_WARN_DOCUMENTATION_COMMENTS = YES;
				CLANG_WARN_EMPTY_BODY = YES;
				CLANG_WARN_ENUM_CONVERSION = YES;
				CLANG_WARN_INFINITE_RECURSION = YES;
				CLANG_WARN_INT_CONVERSION = YES;
				CLANG_WARN_NON_LITERAL_NULL_CONVERSION = YES;
				CLANG_WARN_OBJC_LITERAL_CONVERSION = YES;
				CLANG_WARN_OBJC_ROOT_CLASS = YES_ERROR;
				CLANG_WARN_RANGE_LOOP_ANALYSIS = YES;
				CLANG_WARN_STRICT_PROTOTYPES = YES;
				CLANG_WARN_SUSPICIOUS_MOVE = YES;
				CLANG_WARN_UNREACHABLE_CODE = YES;
				CLANG_WARN__DUPLICATE_METHOD_MATCH = YES;
				"CODE_SIGN_IDENTITY[sdk=iphoneos*]" = "iPhone Developer";
				COPY_PHASE_STRIP = NO;
				DEBUG_INFORMATION_FORMAT = "dwarf-with-dsym";
				ENABLE_NS_ASSERTIONS = NO;
				ENABLE_STRICT_OBJC_MSGSEND = YES;
				GCC_C_LANGUAGE_STANDARD = gnu99;
				GCC_NO_COMMON_BLOCKS = YES;
				GCC_WARN_64_TO_32_BIT_CONVERSION = YES;
				GCC_WARN_ABOUT_RETURN_TYPE = YES_ERROR;
				GCC_WARN_UNDECLARED_SELECTOR = YES;
				GCC_WARN_UNINITIALIZED_AUTOS = YES_AGGRESSIVE;
				GCC_WARN_UNUSED_FUNCTION = YES;
				GCC_WARN_UNUSED_VARIABLE = YES;
				IPHONEOS_DEPLOYMENT_TARGET = 10.3;
				MTL_ENABLE_DEBUG_INFO = NO;
				SDKROOT = iphoneos;
				VALIDATE_PRODUCT = YES;
			};
			name = Release;
		};
		96FAC6CC1F14ACDB003401C1 /* Debug */ = {
			isa = XCBuildConfiguration;
			buildSettings = {
				ASSETCATALOG_COMPILER_APPICON_NAME = AppIcon;
				"CODE_SIGN_IDENTITY[sdk=iphoneos*]" = "iPhone Developer";
				CODE_SIGN_STYLE = Manual;
				DEVELOPMENT_TEAM = "";
				GCC_PREFIX_HEADER = "$(SRCROOT)/BW/PrefixHeader.pch";
				INFOPLIST_FILE = BW/Info.plist;
				IPHONEOS_DEPLOYMENT_TARGET = 9.0;
				LD_RUNPATH_SEARCH_PATHS = "$(inherited) @executable_path/Frameworks";
				PRODUCT_NAME = "$(TARGET_NAME)";
				PROVISIONING_PROFILE = "";
				PROVISIONING_PROFILE_SPECIFIER = "";
			};
			name = Debug;
		};
		96FAC6CD1F14ACDB003401C1 /* Release */ = {
			isa = XCBuildConfiguration;
			buildSettings = {
				ASSETCATALOG_COMPILER_APPICON_NAME = AppIcon;
				"CODE_SIGN_IDENTITY[sdk=iphoneos*]" = "iPhone Developer";
				CODE_SIGN_STYLE = Manual;
				DEVELOPMENT_TEAM = "";
				GCC_PREFIX_HEADER = "$(SRCROOT)/BW/PrefixHeader.pch";
				INFOPLIST_FILE = BW/Info.plist;
				IPHONEOS_DEPLOYMENT_TARGET = 9.0;
				LD_RUNPATH_SEARCH_PATHS = "$(inherited) @executable_path/Frameworks";
				PRODUCT_NAME = "$(TARGET_NAME)";
				PROVISIONING_PROFILE = "";
				PROVISIONING_PROFILE_SPECIFIER = "";
			};
			name = Release;
		};
/* End XCBuildConfiguration section */

/* Begin XCConfigurationList section */
		96FAC6AF1F14ACDB003401C1 /* Build configuration list for PBXProject "BW" */ = {
			isa = XCConfigurationList;
			buildConfigurations = (
				96FAC6C91F14ACDB003401C1 /* Debug */,
				96FAC6CA1F14ACDB003401C1 /* Release */,
			);
			defaultConfigurationIsVisible = 0;
			defaultConfigurationName = Release;
		};
		96FAC6CB1F14ACDB003401C1 /* Build configuration list for PBXNativeTarget "BW" */ = {
			isa = XCConfigurationList;
			buildConfigurations = (
				96FAC6CC1F14ACDB003401C1 /* Debug */,
				96FAC6CD1F14ACDB003401C1 /* Release */,
			);
			defaultConfigurationIsVisible = 0;
			defaultConfigurationName = Release;
		};
/* End XCConfigurationList section */
	};
	rootObject = 96FAC6AC1F14ACDB003401C1 /* Project object */;
}
